
Microsoft Visual Studio Solution File, Format Version 12.00
# Visual Studio 15
VisualStudioVersion = 15.0.28307.705
MinimumVisualStudioVersion = 10.0.40219.1
Project("{FAE04EC0-301F-11D3-BF4B-00C04F79EFBC}") = "deneme1", "deneme1\deneme1.csproj", "{E35DC2AB-CA71-45C9-B691-860DECD36622}"
EndProject
Global
	GlobalSection(SolutionConfigurationPlatforms) = preSolution
		Debug|Any CPU = Debug|Any CPU
		Release|Any CPU = Release|Any CPU
	EndGlobalSection
	GlobalSection(ProjectConfigurationPlatforms) = postSolution
		{E35DC2AB-CA71-45C9-B691-860DECD36622}.Debug|Any CPU.ActiveCfg = Debug|Any CPU
		{E35DC2AB-CA71-45C9-B691-860DECD36622}.Debug|Any CPU.Build.0 = Debug|Any CPU
		{E35DC2AB-CA71-45C9-B691-860DECD36622}.Release|Any CPU.ActiveCfg = Release|Any CPU
		{E35DC2AB-CA71-45C9-B691-860DECD36622}.Release|Any CPU.Build.0 = Release|Any CPU
	EndGlobalSection
	GlobalSection(SolutionProperties) = preSolution
		HideSolutionNode = FALSE
	EndGlobalSection
	GlobalSection(ExtensibilityGlobals) = postSolution
		SolutionGuid = {0548392D-27AB-4EDA-BFA0-F6729E95EB21}
	EndGlobalSection
EndGlobal
